
Microsoft Visual Studio Solution File, Format Version 12.00
# Visual Studio Version 16
VisualStudioVersion = 16.0.30523.141
MinimumVisualStudioVersion = 10.0.40219.1
Project("{FAE04EC0-301F-11D3-BF4B-00C04F79EFBC}") = "Nisan_8", "Nisan_8\Nisan_8.csproj", "{06B1784F-56DB-4E38-A774-50EED65E2F99}"
EndProject
Global
	GlobalSection(SolutionConfigurationPlatforms) = preSolution
		Debug|Any CPU = Debug|Any CPU
		Release|Any CPU = Release|Any CPU
	EndGlobalSection
	GlobalSection(ProjectConfigurationPlatforms) = postSolution
		{06B1784F-56DB-4E38-A774-50EED65E2F99}.Debug|Any CPU.ActiveCfg = Debug|Any CPU
		{06B1784F-56DB-4E38-A774-50EED65E2F99}.Debug|Any CPU.Build.0 = Debug|Any CPU
		{06B1784F-56DB-4E38-A774-50EED65E2F99}.Release|Any CPU.ActiveCfg = Release|Any CPU
		{06B1784F-56DB-4E38-A774-50EED65E2F99}.Release|Any CPU.Build.0 = Release|Any CPU
	EndGlobalSection
	GlobalSection(SolutionProperties) = preSolution
		HideSolutionNode = FALSE
	EndGlobalSection
	GlobalSection(ExtensibilityGlobals) = postSolution
		SolutionGuid = {C1C3E9AB-F665-48E3-8A9B-BB4AC6B83893}
	EndGlobalSection
EndGlobal
